
Microsoft Visual Studio Solution File, Format Version 12.00
# Visual Studio Version 17
VisualStudioVersion = 17.0.31919.166
MinimumVisualStudioVersion = 10.0.40219.1
Project("{FAE04EC0-301F-11D3-BF4B-00C04F79EFBC}") = "HaberinOlsun", "HaberinOlsun\HaberinOlsun.csproj", "{F1CC1942-DE9F-418B-8610-65043316E13C}"
EndProject
Project("{FAE04EC0-301F-11D3-BF4B-00C04F79EFBC}") = "DataAccesLayer", "DataAccesLayer\DataAccesLayer.csproj", "{A6656CBB-8B23-43C9-877B-78C45D5A2D53}"
EndProject
Global
	GlobalSection(SolutionConfigurationPlatforms) = preSolution
		Debug|Any CPU = Debug|Any CPU
		Release|Any CPU = Release|Any CPU
	EndGlobalSection
	GlobalSection(ProjectConfigurationPlatforms) = postSolution
		{F1CC1942-DE9F-418B-8610-65043316E13C}.Debug|Any CPU.ActiveCfg = Debug|Any CPU
		{F1CC1942-DE9F-418B-8610-65043316E13C}.Debug|Any CPU.Build.0 = Debug|Any CPU
		{F1CC1942-DE9F-418B-8610-65043316E13C}.Release|Any CPU.ActiveCfg = Release|Any CPU
		{F1CC1942-DE9F-418B-8610-65043316E13C}.Release|Any CPU.Build.0 = Release|Any CPU
		{A6656CBB-8B23-43C9-877B-78C45D5A2D53}.Debug|Any CPU.ActiveCfg = Debug|Any CPU
		{A6656CBB-8B23-43C9-877B-78C45D5A2D53}.Debug|Any CPU.Build.0 = Debug|Any CPU
		{A6656CBB-8B23-43C9-877B-78C45D5A2D53}.Release|Any CPU.ActiveCfg = Release|Any CPU
		{A6656CBB-8B23-43C9-877B-78C45D5A2D53}.Release|Any CPU.Build.0 = Release|Any CPU
	EndGlobalSection
	GlobalSection(SolutionProperties) = preSolution
		HideSolutionNode = FALSE
	EndGlobalSection
	GlobalSection(ExtensibilityGlobals) = postSolution
		SolutionGuid = {1CF8F28A-E441-469C-A8A8-806129783B60}
	EndGlobalSection
EndGlobal
